// !$*UTF8*$!
{
	archiveVersion = 1;
	classes = {
	};
	objectVersion = 50;
	objects = {

/* Begin PBXBuildFile section */
		AB32C71A270E6438005C4DF4 /* AppDelegate.swift in Sources */ = {isa = PBXBuildFile; fileRef = AB32C719270E6438005C4DF4 /* AppDelegate.swift */; };
		AB32C71C270E6438005C4DF4 /* SceneDelegate.swift in Sources */ = {isa = PBXBuildFile; fileRef = AB32C71B270E6438005C4DF4 /* SceneDelegate.swift */; };
		AB32C71E270E6438005C4DF4 /* ViewController.swift in Sources */ = {isa = PBXBuildFile; fileRef = AB32C71D270E6438005C4DF4 /* ViewController.swift */; };
		AB32C721270E6438005C4DF4 /* Main.storyboard in Resources */ = {isa = PBXBuildFile; fileRef = AB32C71F270E6438005C4DF4 /* Main.storyboard */; };
		AB32C724270E6438005C4DF4 /* InMotionCodeChallenge.xcdatamodeld in Sources */ = {isa = PBXBuildFile; fileRef = AB32C722270E6438005C4DF4 /* InMotionCodeChallenge.xcdatamodeld */; };
		AB32C726270E6440005C4DF4 /* Assets.xcassets in Resources */ = {isa = PBXBuildFile; fileRef = AB32C725270E6440005C4DF4 /* Assets.xcassets */; };
		AB32C729270E6440005C4DF4 /* LaunchScreen.storyboard in Resources */ = {isa = PBXBuildFile; fileRef = AB32C727270E6440005C4DF4 /* LaunchScreen.storyboard */; };
		AB32C73F270E6441005C4DF4 /* InMotionCodeChallengeUITests.swift in Sources */ = {isa = PBXBuildFile; fileRef = AB32C73E270E6441005C4DF4 /* InMotionCodeChallengeUITests.swift */; };
		AB32C74E270E65A3005C4DF4 /* ImageDataModel.swift in Sources */ = {isa = PBXBuildFile; fileRef = AB32C74D270E65A2005C4DF4 /* ImageDataModel.swift */; };
		AB32C754270E6EC6005C4DF4 /* Image.swift in Sources */ = {isa = PBXBuildFile; fileRef = AB32C753270E6EC6005C4DF4 /* Image.swift */; };
		AB32C756270E7575005C4DF4 /* ObjectConvertible.swift in Sources */ = {isa = PBXBuildFile; fileRef = AB32C755270E7575005C4DF4 /* ObjectConvertible.swift */; };
		AB32C758270E75C5005C4DF4 /* ManagedObjectConvertible.swift in Sources */ = {isa = PBXBuildFile; fileRef = AB32C757270E75C5005C4DF4 /* ManagedObjectConvertible.swift */; };
		AB32C75A270E86FE005C4DF4 /* CoreDataManager.swift in Sources */ = {isa = PBXBuildFile; fileRef = AB32C759270E86FE005C4DF4 /* CoreDataManager.swift */; };
		AB32C75C270E8AEC005C4DF4 /* CoreDataManager+Image.swift in Sources */ = {isa = PBXBuildFile; fileRef = AB32C75B270E8AEC005C4DF4 /* CoreDataManager+Image.swift */; };
		AB32C760270F277A005C4DF4 /* ImageDataModelTests.swift in Sources */ = {isa = PBXBuildFile; fileRef = AB32C75F270F277A005C4DF4 /* ImageDataModelTests.swift */; };
		AB32C763270F2A4E005C4DF4 /* test_image_standard.json in Resources */ = {isa = PBXBuildFile; fileRef = AB32C762270F2A4E005C4DF4 /* test_image_standard.json */; };
		AB32C765270F2B55005C4DF4 /* MDTestFileBase.swift in Sources */ = {isa = PBXBuildFile; fileRef = AB32C764270F2B55005C4DF4 /* MDTestFileBase.swift */; };
		AB32C768270F4664005C4DF4 /* ImageDataModelError.swift in Sources */ = {isa = PBXBuildFile; fileRef = AB32C767270F4664005C4DF4 /* ImageDataModelError.swift */; };
		AB32C76A270F4C74005C4DF4 /* ImageTestBase.swift in Sources */ = {isa = PBXBuildFile; fileRef = AB32C769270F4C74005C4DF4 /* ImageTestBase.swift */; };
		AB32C76C270F4D27005C4DF4 /* ImageCoreDataTest.swift in Sources */ = {isa = PBXBuildFile; fileRef = AB32C76B270F4D27005C4DF4 /* ImageCoreDataTest.swift */; };
		AB32C76E270F5497005C4DF4 /* test_image_invalid_id.json in Resources */ = {isa = PBXBuildFile; fileRef = AB32C76D270F5497005C4DF4 /* test_image_invalid_id.json */; };
		AB32C770270F54D5005C4DF4 /* test_image_missing_id.json in Resources */ = {isa = PBXBuildFile; fileRef = AB32C76F270F54D5005C4DF4 /* test_image_missing_id.json */; };
		AB32C772270F54F0005C4DF4 /* test_image_missing_image_url.json in Resources */ = {isa = PBXBuildFile; fileRef = AB32C771270F54F0005C4DF4 /* test_image_missing_image_url.json */; };
		AB32C774270F5592005C4DF4 /* test_image_id_out_of_range_high.json in Resources */ = {isa = PBXBuildFile; fileRef = AB32C773270F5592005C4DF4 /* test_image_id_out_of_range_high.json */; };
		AB32C776270F55C3005C4DF4 /* test_image_minimum_data.json in Resources */ = {isa = PBXBuildFile; fileRef = AB32C775270F55C3005C4DF4 /* test_image_minimum_data.json */; };
		AB32C778270F6138005C4DF4 /* test_image_id_whitespace.json in Resources */ = {isa = PBXBuildFile; fileRef = AB32C777270F6138005C4DF4 /* test_image_id_whitespace.json */; };
		AB32C77A270F616E005C4DF4 /* test_image_id_invalid_chars.json in Resources */ = {isa = PBXBuildFile; fileRef = AB32C779270F616E005C4DF4 /* test_image_id_invalid_chars.json */; };
		AB32C77C270F62D4005C4DF4 /* test_image_id_out_of_range_low.json in Resources */ = {isa = PBXBuildFile; fileRef = AB32C77B270F62D4005C4DF4 /* test_image_id_out_of_range_low.json */; };
/* End PBXBuildFile section */

/* Begin PBXContainerItemProxy section */
		AB32C730270E6441005C4DF4 /* PBXContainerItemProxy */ = {
			isa = PBXContainerItemProxy;
			containerPortal = AB32C70E270E6438005C4DF4 /* Project object */;
			proxyType = 1;
			remoteGlobalIDString = AB32C715270E6438005C4DF4;
			remoteInfo = InMotionCodeChallenge;
		};
		AB32C73B270E6441005C4DF4 /* PBXContainerItemProxy */ = {
			isa = PBXContainerItemProxy;
			containerPortal = AB32C70E270E6438005C4DF4 /* Project object */;
			proxyType = 1;
			remoteGlobalIDString = AB32C715270E6438005C4DF4;
			remoteInfo = InMotionCodeChallenge;
		};
/* End PBXContainerItemProxy section */

/* Begin PBXFileReference section */
		AB32C716270E6438005C4DF4 /* InMotionCodeChallenge.app */ = {isa = PBXFileReference; explicitFileType = wrapper.application; includeInIndex = 0; path = InMotionCodeChallenge.app; sourceTree = BUILT_PRODUCTS_DIR; };
		AB32C719270E6438005C4DF4 /* AppDelegate.swift */ = {isa = PBXFileReference; lastKnownFileType = sourcecode.swift; path = AppDelegate.swift; sourceTree = "<group>"; };
		AB32C71B270E6438005C4DF4 /* SceneDelegate.swift */ = {isa = PBXFileReference; lastKnownFileType = sourcecode.swift; path = SceneDelegate.swift; sourceTree = "<group>"; };
		AB32C71D270E6438005C4DF4 /* ViewController.swift */ = {isa = PBXFileReference; lastKnownFileType = sourcecode.swift; path = ViewController.swift; sourceTree = "<group>"; };
		AB32C720270E6438005C4DF4 /* Base */ = {isa = PBXFileReference; lastKnownFileType = file.storyboard; name = Base; path = Base.lproj/Main.storyboard; sourceTree = "<group>"; };
		AB32C723270E6438005C4DF4 /* InMotionCodeChallenge.xcdatamodel */ = {isa = PBXFileReference; lastKnownFileType = wrapper.xcdatamodel; path = InMotionCodeChallenge.xcdatamodel; sourceTree = "<group>"; };
		AB32C725270E6440005C4DF4 /* Assets.xcassets */ = {isa = PBXFileReference; lastKnownFileType = folder.assetcatalog; path = Assets.xcassets; sourceTree = "<group>"; };
		AB32C728270E6440005C4DF4 /* Base */ = {isa = PBXFileReference; lastKnownFileType = file.storyboard; name = Base; path = Base.lproj/LaunchScreen.storyboard; sourceTree = "<group>"; };
		AB32C72A270E6440005C4DF4 /* Info.plist */ = {isa = PBXFileReference; lastKnownFileType = text.plist.xml; path = Info.plist; sourceTree = "<group>"; };
		AB32C72F270E6441005C4DF4 /* InMotionCodeChallengeTests.xctest */ = {isa = PBXFileReference; explicitFileType = wrapper.cfbundle; includeInIndex = 0; path = InMotionCodeChallengeTests.xctest; sourceTree = BUILT_PRODUCTS_DIR; };
		AB32C735270E6441005C4DF4 /* Info.plist */ = {isa = PBXFileReference; lastKnownFileType = text.plist.xml; path = Info.plist; sourceTree = "<group>"; };
		AB32C73A270E6441005C4DF4 /* InMotionCodeChallengeUITests.xctest */ = {isa = PBXFileReference; explicitFileType = wrapper.cfbundle; includeInIndex = 0; path = InMotionCodeChallengeUITests.xctest; sourceTree = BUILT_PRODUCTS_DIR; };
		AB32C73E270E6441005C4DF4 /* InMotionCodeChallengeUITests.swift */ = {isa = PBXFileReference; lastKnownFileType = sourcecode.swift; path = InMotionCodeChallengeUITests.swift; sourceTree = "<group>"; };
		AB32C740270E6441005C4DF4 /* Info.plist */ = {isa = PBXFileReference; lastKnownFileType = text.plist.xml; path = Info.plist; sourceTree = "<group>"; };
		AB32C74D270E65A2005C4DF4 /* ImageDataModel.swift */ = {isa = PBXFileReference; lastKnownFileType = sourcecode.swift; path = ImageDataModel.swift; sourceTree = "<group>"; };
		AB32C753270E6EC6005C4DF4 /* Image.swift */ = {isa = PBXFileReference; lastKnownFileType = sourcecode.swift; path = Image.swift; sourceTree = "<group>"; };
		AB32C755270E7575005C4DF4 /* ObjectConvertible.swift */ = {isa = PBXFileReference; lastKnownFileType = sourcecode.swift; path = ObjectConvertible.swift; sourceTree = "<group>"; };
		AB32C757270E75C5005C4DF4 /* ManagedObjectConvertible.swift */ = {isa = PBXFileReference; lastKnownFileType = sourcecode.swift; path = ManagedObjectConvertible.swift; sourceTree = "<group>"; };
		AB32C759270E86FE005C4DF4 /* CoreDataManager.swift */ = {isa = PBXFileReference; lastKnownFileType = sourcecode.swift; path = CoreDataManager.swift; sourceTree = "<group>"; };
		AB32C75B270E8AEC005C4DF4 /* CoreDataManager+Image.swift */ = {isa = PBXFileReference; lastKnownFileType = sourcecode.swift; path = "CoreDataManager+Image.swift"; sourceTree = "<group>"; };
		AB32C75F270F277A005C4DF4 /* ImageDataModelTests.swift */ = {isa = PBXFileReference; lastKnownFileType = sourcecode.swift; path = ImageDataModelTests.swift; sourceTree = "<group>"; };
		AB32C762270F2A4E005C4DF4 /* test_image_standard.json */ = {isa = PBXFileReference; lastKnownFileType = text.json; path = test_image_standard.json; sourceTree = "<group>"; };
		AB32C764270F2B55005C4DF4 /* MDTestFileBase.swift */ = {isa = PBXFileReference; lastKnownFileType = sourcecode.swift; path = MDTestFileBase.swift; sourceTree = "<group>"; };
		AB32C767270F4664005C4DF4 /* ImageDataModelError.swift */ = {isa = PBXFileReference; lastKnownFileType = sourcecode.swift; path = ImageDataModelError.swift; sourceTree = "<group>"; };
		AB32C769270F4C74005C4DF4 /* ImageTestBase.swift */ = {isa = PBXFileReference; lastKnownFileType = sourcecode.swift; path = ImageTestBase.swift; sourceTree = "<group>"; };
		AB32C76B270F4D27005C4DF4 /* ImageCoreDataTest.swift */ = {isa = PBXFileReference; lastKnownFileType = sourcecode.swift; path = ImageCoreDataTest.swift; sourceTree = "<group>"; };
		AB32C76D270F5497005C4DF4 /* test_image_invalid_id.json */ = {isa = PBXFileReference; lastKnownFileType = text.json; path = test_image_invalid_id.json; sourceTree = "<group>"; };
		AB32C76F270F54D5005C4DF4 /* test_image_missing_id.json */ = {isa = PBXFileReference; lastKnownFileType = text.json; path = test_image_missing_id.json; sourceTree = "<group>"; };
		AB32C771270F54F0005C4DF4 /* test_image_missing_image_url.json */ = {isa = PBXFileReference; lastKnownFileType = text.json; path = test_image_missing_image_url.json; sourceTree = "<group>"; };
		AB32C773270F5592005C4DF4 /* test_image_id_out_of_range_high.json */ = {isa = PBXFileReference; lastKnownFileType = text.json; path = test_image_id_out_of_range_high.json; sourceTree = "<group>"; };
		AB32C775270F55C3005C4DF4 /* test_image_minimum_data.json */ = {isa = PBXFileReference; lastKnownFileType = text.json; path = test_image_minimum_data.json; sourceTree = "<group>"; };
		AB32C777270F6138005C4DF4 /* test_image_id_whitespace.json */ = {isa = PBXFileReference; lastKnownFileType = text.json; path = test_image_id_whitespace.json; sourceTree = "<group>"; };
		AB32C779270F616E005C4DF4 /* test_image_id_invalid_chars.json */ = {isa = PBXFileReference; lastKnownFileType = text.json; path = test_image_id_invalid_chars.json; sourceTree = "<group>"; };
		AB32C77B270F62D4005C4DF4 /* test_image_id_out_of_range_low.json */ = {isa = PBXFileReference; lastKnownFileType = text.json; path = test_image_id_out_of_range_low.json; sourceTree = "<group>"; };
/* End PBXFileReference section */

/* Begin PBXFrameworksBuildPhase section */
		AB32C713270E6438005C4DF4 /* Frameworks */ = {
			isa = PBXFrameworksBuildPhase;
			buildActionMask = 2147483647;
			files = (
			);
			runOnlyForDeploymentPostprocessing = 0;
		};
		AB32C72C270E6441005C4DF4 /* Frameworks */ = {
			isa = PBXFrameworksBuildPhase;
			buildActionMask = 2147483647;
			files = (
			);
			runOnlyForDeploymentPostprocessing = 0;
		};
		AB32C737270E6441005C4DF4 /* Frameworks */ = {
			isa = PBXFrameworksBuildPhase;
			buildActionMask = 2147483647;
			files = (
			);
			runOnlyForDeploymentPostprocessing = 0;
		};
/* End PBXFrameworksBuildPhase section */

/* Begin PBXGroup section */
		AB32C70D270E6438005C4DF4 = {
			isa = PBXGroup;
			children = (
				AB32C718270E6438005C4DF4 /* InMotionCodeChallenge */,
				AB32C732270E6441005C4DF4 /* InMotionCodeChallengeTests */,
				AB32C73D270E6441005C4DF4 /* InMotionCodeChallengeUITests */,
				AB32C717270E6438005C4DF4 /* Products */,
			);
			sourceTree = "<group>";
		};
		AB32C717270E6438005C4DF4 /* Products */ = {
			isa = PBXGroup;
			children = (
				AB32C716270E6438005C4DF4 /* InMotionCodeChallenge.app */,
				AB32C72F270E6441005C4DF4 /* InMotionCodeChallengeTests.xctest */,
				AB32C73A270E6441005C4DF4 /* InMotionCodeChallengeUITests.xctest */,
			);
			name = Products;
			sourceTree = "<group>";
		};
		AB32C718270E6438005C4DF4 /* InMotionCodeChallenge */ = {
			isa = PBXGroup;
			children = (
				AB32C766270F4657005C4DF4 /* Errors */,
				AB32C750270E691C005C4DF4 /* Managers */,
				AB32C74C270E6581005C4DF4 /* Models */,
				AB32C751270E6924005C4DF4 /* Views */,
				AB32C752270E693C005C4DF4 /* View Controllers */,
				AB32C719270E6438005C4DF4 /* AppDelegate.swift */,
				AB32C71B270E6438005C4DF4 /* SceneDelegate.swift */,
				AB32C71D270E6438005C4DF4 /* ViewController.swift */,
				AB32C71F270E6438005C4DF4 /* Main.storyboard */,
				AB32C725270E6440005C4DF4 /* Assets.xcassets */,
				AB32C727270E6440005C4DF4 /* LaunchScreen.storyboard */,
				AB32C72A270E6440005C4DF4 /* Info.plist */,
				AB32C722270E6438005C4DF4 /* InMotionCodeChallenge.xcdatamodeld */,
			);
			path = InMotionCodeChallenge;
			sourceTree = "<group>";
		};
		AB32C732270E6441005C4DF4 /* InMotionCodeChallengeTests */ = {
			isa = PBXGroup;
			children = (
				AB32C75E270E8B6A005C4DF4 /* Core Data */,
				AB32C75D270E8B5E005C4DF4 /* Models */,
				AB32C764270F2B55005C4DF4 /* MDTestFileBase.swift */,
				AB32C735270E6441005C4DF4 /* Info.plist */,
			);
			path = InMotionCodeChallengeTests;
			sourceTree = "<group>";
		};
		AB32C73D270E6441005C4DF4 /* InMotionCodeChallengeUITests */ = {
			isa = PBXGroup;
			children = (
				AB32C73E270E6441005C4DF4 /* InMotionCodeChallengeUITests.swift */,
				AB32C740270E6441005C4DF4 /* Info.plist */,
			);
			path = InMotionCodeChallengeUITests;
			sourceTree = "<group>";
		};
		AB32C74C270E6581005C4DF4 /* Models */ = {
			isa = PBXGroup;
			children = (
				AB32C74F270E6893005C4DF4 /* Core Data Models */,
				AB32C74D270E65A2005C4DF4 /* ImageDataModel.swift */,
				AB32C755270E7575005C4DF4 /* ObjectConvertible.swift */,
			);
			path = Models;
			sourceTree = "<group>";
		};
		AB32C74F270E6893005C4DF4 /* Core Data Models */ = {
			isa = PBXGroup;
			children = (
				AB32C753270E6EC6005C4DF4 /* Image.swift */,
				AB32C757270E75C5005C4DF4 /* ManagedObjectConvertible.swift */,
			);
			path = "Core Data Models";
			sourceTree = "<group>";
		};
		AB32C750270E691C005C4DF4 /* Managers */ = {
			isa = PBXGroup;
			children = (
				AB32C759270E86FE005C4DF4 /* CoreDataManager.swift */,
				AB32C75B270E8AEC005C4DF4 /* CoreDataManager+Image.swift */,
			);
			path = Managers;
			sourceTree = "<group>";
		};
		AB32C751270E6924005C4DF4 /* Views */ = {
			isa = PBXGroup;
			children = (
			);
			path = Views;
			sourceTree = "<group>";
		};
		AB32C752270E693C005C4DF4 /* View Controllers */ = {
			isa = PBXGroup;
			children = (
			);
			path = "View Controllers";
			sourceTree = "<group>";
		};
		AB32C75D270E8B5E005C4DF4 /* Models */ = {
			isa = PBXGroup;
			children = (
				AB32C761270F2A2B005C4DF4 /* Test Files */,
				AB32C76B270F4D27005C4DF4 /* ImageCoreDataTest.swift */,
				AB32C75F270F277A005C4DF4 /* ImageDataModelTests.swift */,
				AB32C769270F4C74005C4DF4 /* ImageTestBase.swift */,
			);
			path = Models;
			sourceTree = "<group>";
		};
		AB32C75E270E8B6A005C4DF4 /* Core Data */ = {
			isa = PBXGroup;
			children = (
			);
			path = "Core Data";
			sourceTree = "<group>";
		};
		AB32C761270F2A2B005C4DF4 /* Test Files */ = {
			isa = PBXGroup;
			children = (
				AB32C762270F2A4E005C4DF4 /* test_image_standard.json */,
				AB32C775270F55C3005C4DF4 /* test_image_minimum_data.json */,
				AB32C76D270F5497005C4DF4 /* test_image_invalid_id.json */,
				AB32C76F270F54D5005C4DF4 /* test_image_missing_id.json */,
				AB32C771270F54F0005C4DF4 /* test_image_missing_image_url.json */,
				AB32C773270F5592005C4DF4 /* test_image_id_out_of_range_high.json */,
				AB32C77B270F62D4005C4DF4 /* test_image_id_out_of_range_low.json */,
				AB32C777270F6138005C4DF4 /* test_image_id_whitespace.json */,
				AB32C779270F616E005C4DF4 /* test_image_id_invalid_chars.json */,
			);
			path = "Test Files";
			sourceTree = "<group>";
		};
		AB32C766270F4657005C4DF4 /* Errors */ = {
			isa = PBXGroup;
			children = (
				AB32C767270F4664005C4DF4 /* ImageDataModelError.swift */,
			);
			path = Errors;
			sourceTree = "<group>";
		};
/* End PBXGroup section */

/* Begin PBXNativeTarget section */
		AB32C715270E6438005C4DF4 /* InMotionCodeChallenge */ = {
			isa = PBXNativeTarget;
			buildConfigurationList = AB32C743270E6441005C4DF4 /* Build configuration list for PBXNativeTarget "InMotionCodeChallenge" */;
			buildPhases = (
				AB32C712270E6438005C4DF4 /* Sources */,
				AB32C713270E6438005C4DF4 /* Frameworks */,
				AB32C714270E6438005C4DF4 /* Resources */,
			);
			buildRules = (
			);
			dependencies = (
			);
			name = InMotionCodeChallenge;
			productName = InMotionCodeChallenge;
			productReference = AB32C716270E6438005C4DF4 /* InMotionCodeChallenge.app */;
			productType = "com.apple.product-type.application";
		};
		AB32C72E270E6441005C4DF4 /* InMotionCodeChallengeTests */ = {
			isa = PBXNativeTarget;
			buildConfigurationList = AB32C746270E6441005C4DF4 /* Build configuration list for PBXNativeTarget "InMotionCodeChallengeTests" */;
			buildPhases = (
				AB32C72B270E6441005C4DF4 /* Sources */,
				AB32C72C270E6441005C4DF4 /* Frameworks */,
				AB32C72D270E6441005C4DF4 /* Resources */,
			);
			buildRules = (
			);
			dependencies = (
				AB32C731270E6441005C4DF4 /* PBXTargetDependency */,
			);
			name = InMotionCodeChallengeTests;
			productName = InMotionCodeChallengeTests;
			productReference = AB32C72F270E6441005C4DF4 /* InMotionCodeChallengeTests.xctest */;
			productType = "com.apple.product-type.bundle.unit-test";
		};
		AB32C739270E6441005C4DF4 /* InMotionCodeChallengeUITests */ = {
			isa = PBXNativeTarget;
			buildConfigurationList = AB32C749270E6441005C4DF4 /* Build configuration list for PBXNativeTarget "InMotionCodeChallengeUITests" */;
			buildPhases = (
				AB32C736270E6441005C4DF4 /* Sources */,
				AB32C737270E6441005C4DF4 /* Frameworks */,
				AB32C738270E6441005C4DF4 /* Resources */,
			);
			buildRules = (
			);
			dependencies = (
				AB32C73C270E6441005C4DF4 /* PBXTargetDependency */,
			);
			name = InMotionCodeChallengeUITests;
			productName = InMotionCodeChallengeUITests;
			productReference = AB32C73A270E6441005C4DF4 /* InMotionCodeChallengeUITests.xctest */;
			productType = "com.apple.product-type.bundle.ui-testing";
		};
/* End PBXNativeTarget section */

/* Begin PBXProject section */
		AB32C70E270E6438005C4DF4 /* Project object */ = {
			isa = PBXProject;
			attributes = {
				LastSwiftUpdateCheck = 1250;
				LastUpgradeCheck = 1250;
				TargetAttributes = {
					AB32C715270E6438005C4DF4 = {
						CreatedOnToolsVersion = 12.5.1;
					};
					AB32C72E270E6441005C4DF4 = {
						CreatedOnToolsVersion = 12.5.1;
						TestTargetID = AB32C715270E6438005C4DF4;
					};
					AB32C739270E6441005C4DF4 = {
						CreatedOnToolsVersion = 12.5.1;
						TestTargetID = AB32C715270E6438005C4DF4;
					};
				};
			};
			buildConfigurationList = AB32C711270E6438005C4DF4 /* Build configuration list for PBXProject "InMotionCodeChallenge" */;
			compatibilityVersion = "Xcode 9.3";
			developmentRegion = en;
			hasScannedForEncodings = 0;
			knownRegions = (
				en,
				Base,
			);
			mainGroup = AB32C70D270E6438005C4DF4;
			productRefGroup = AB32C717270E6438005C4DF4 /* Products */;
			projectDirPath = "";
			projectRoot = "";
			targets = (
				AB32C715270E6438005C4DF4 /* InMotionCodeChallenge */,
				AB32C72E270E6441005C4DF4 /* InMotionCodeChallengeTests */,
				AB32C739270E6441005C4DF4 /* InMotionCodeChallengeUITests */,
			);
		};
/* End PBXProject section */

/* Begin PBXResourcesBuildPhase section */
		AB32C714270E6438005C4DF4 /* Resources */ = {
			isa = PBXResourcesBuildPhase;
			buildActionMask = 2147483647;
			files = (
				AB32C729270E6440005C4DF4 /* LaunchScreen.storyboard in Resources */,
				AB32C726270E6440005C4DF4 /* Assets.xcassets in Resources */,
				AB32C721270E6438005C4DF4 /* Main.storyboard in Resources */,
			);
			runOnlyForDeploymentPostprocessing = 0;
		};
		AB32C72D270E6441005C4DF4 /* Resources */ = {
			isa = PBXResourcesBuildPhase;
			buildActionMask = 2147483647;
			files = (
				AB32C77A270F616E005C4DF4 /* test_image_id_invalid_chars.json in Resources */,
				AB32C772270F54F0005C4DF4 /* test_image_missing_image_url.json in Resources */,
				AB32C776270F55C3005C4DF4 /* test_image_minimum_data.json in Resources */,
				AB32C763270F2A4E005C4DF4 /* test_image_standard.json in Resources */,
				AB32C774270F5592005C4DF4 /* test_image_id_out_of_range_high.json in Resources */,
				AB32C77C270F62D4005C4DF4 /* test_image_id_out_of_range_low.json in Resources */,
				AB32C778270F6138005C4DF4 /* test_image_id_whitespace.json in Resources */,
				AB32C76E270F5497005C4DF4 /* test_image_invalid_id.json in Resources */,
				AB32C770270F54D5005C4DF4 /* test_image_missing_id.json in Resources */,
			);
			runOnlyForDeploymentPostprocessing = 0;
		};
		AB32C738270E6441005C4DF4 /* Resources */ = {
			isa = PBXResourcesBuildPhase;
			buildActionMask = 2147483647;
			files = (
			);
			runOnlyForDeploymentPostprocessing = 0;
		};
/* End PBXResourcesBuildPhase section */

/* Begin PBXSourcesBuildPhase section */
		AB32C712270E6438005C4DF4 /* Sources */ = {
			isa = PBXSourcesBuildPhase;
			buildActionMask = 2147483647;
			files = (
				AB32C71E270E6438005C4DF4 /* ViewController.swift in Sources */,
				AB32C754270E6EC6005C4DF4 /* Image.swift in Sources */,
				AB32C758270E75C5005C4DF4 /* ManagedObjectConvertible.swift in Sources */,
				AB32C756270E7575005C4DF4 /* ObjectConvertible.swift in Sources */,
				AB32C74E270E65A3005C4DF4 /* ImageDataModel.swift in Sources */,
				AB32C768270F4664005C4DF4 /* ImageDataModelError.swift in Sources */,
				AB32C724270E6438005C4DF4 /* InMotionCodeChallenge.xcdatamodeld in Sources */,
				AB32C75A270E86FE005C4DF4 /* CoreDataManager.swift in Sources */,
				AB32C71A270E6438005C4DF4 /* AppDelegate.swift in Sources */,
				AB32C75C270E8AEC005C4DF4 /* CoreDataManager+Image.swift in Sources */,
				AB32C71C270E6438005C4DF4 /* SceneDelegate.swift in Sources */,
			);
			runOnlyForDeploymentPostprocessing = 0;
		};
		AB32C72B270E6441005C4DF4 /* Sources */ = {
			isa = PBXSourcesBuildPhase;
			buildActionMask = 2147483647;
			files = (
				AB32C760270F277A005C4DF4 /* ImageDataModelTests.swift in Sources */,
				AB32C76C270F4D27005C4DF4 /* ImageCoreDataTest.swift in Sources */,
				AB32C765270F2B55005C4DF4 /* MDTestFileBase.swift in Sources */,
				AB32C76A270F4C74005C4DF4 /* ImageTestBase.swift in Sources */,
			);
			runOnlyForDeploymentPostprocessing = 0;
		};
		AB32C736270E6441005C4DF4 /* Sources */ = {
			isa = PBXSourcesBuildPhase;
			buildActionMask = 2147483647;
			files = (
				AB32C73F270E6441005C4DF4 /* InMotionCodeChallengeUITests.swift in Sources */,
			);
			runOnlyForDeploymentPostprocessing = 0;
		};
/* End PBXSourcesBuildPhase section */

/* Begin PBXTargetDependency section */
		AB32C731270E6441005C4DF4 /* PBXTargetDependency */ = {
			isa = PBXTargetDependency;
			target = AB32C715270E6438005C4DF4 /* InMotionCodeChallenge */;
			targetProxy = AB32C730270E6441005C4DF4 /* PBXContainerItemProxy */;
		};
		AB32C73C270E6441005C4DF4 /* PBXTargetDependency */ = {
			isa = PBXTargetDependency;
			target = AB32C715270E6438005C4DF4 /* InMotionCodeChallenge */;
			targetProxy = AB32C73B270E6441005C4DF4 /* PBXContainerItemProxy */;
		};
/* End PBXTargetDependency section */

/* Begin PBXVariantGroup section */
		AB32C71F270E6438005C4DF4 /* Main.storyboard */ = {
			isa = PBXVariantGroup;
			children = (
				AB32C720270E6438005C4DF4 /* Base */,
			);
			name = Main.storyboard;
			sourceTree = "<group>";
		};
		AB32C727270E6440005C4DF4 /* LaunchScreen.storyboard */ = {
			isa = PBXVariantGroup;
			children = (
				AB32C728270E6440005C4DF4 /* Base */,
			);
			name = LaunchScreen.storyboard;
			sourceTree = "<group>";
		};
/* End PBXVariantGroup section */

/* Begin XCBuildConfiguration section */
		AB32C741270E6441005C4DF4 /* Debug */ = {
			isa = XCBuildConfiguration;
			buildSettings = {
				ALWAYS_SEARCH_USER_PATHS = NO;
				CLANG_ANALYZER_NONNULL = YES;
				CLANG_ANALYZER_NUMBER_OBJECT_CONVERSION = YES_AGGRESSIVE;
				CLANG_CXX_LANGUAGE_STANDARD = "gnu++14";
				CLANG_CXX_LIBRARY = "libc++";
				CLANG_ENABLE_MODULES = YES;
				CLANG_ENABLE_OBJC_ARC = YES;
				CLANG_ENABLE_OBJC_WEAK = YES;
				CLANG_WARN_BLOCK_CAPTURE_AUTORELEASING = YES;
				CLANG_WARN_BOOL_CONVERSION = YES;
				CLANG_WARN_COMMA = YES;
				CLANG_WARN_CONSTANT_CONVERSION = YES;
				CLANG_WARN_DEPRECATED_OBJC_IMPLEMENTATIONS = YES;
				CLANG_WARN_DIRECT_OBJC_ISA_USAGE = YES_ERROR;
				CLANG_WARN_DOCUMENTATION_COMMENTS = YES;
				CLANG_WARN_EMPTY_BODY = YES;
				CLANG_WARN_ENUM_CONVERSION = YES;
				CLANG_WARN_INFINITE_RECURSION = YES;
				CLANG_WARN_INT_CONVERSION = YES;
				CLANG_WARN_NON_LITERAL_NULL_CONVERSION = YES;
				CLANG_WARN_OBJC_IMPLICIT_RETAIN_SELF = YES;
				CLANG_WARN_OBJC_LITERAL_CONVERSION = YES;
				CLANG_WARN_OBJC_ROOT_CLASS = YES_ERROR;
				CLANG_WARN_QUOTED_INCLUDE_IN_FRAMEWORK_HEADER = YES;
				CLANG_WARN_RANGE_LOOP_ANALYSIS = YES;
				CLANG_WARN_STRICT_PROTOTYPES = YES;
				CLANG_WARN_SUSPICIOUS_MOVE = YES;
				CLANG_WARN_UNGUARDED_AVAILABILITY = YES_AGGRESSIVE;
				CLANG_WARN_UNREACHABLE_CODE = YES;
				CLANG_WARN__DUPLICATE_METHOD_MATCH = YES;
				COPY_PHASE_STRIP = NO;
				DEBUG_INFORMATION_FORMAT = dwarf;
				ENABLE_STRICT_OBJC_MSGSEND = YES;
				ENABLE_TESTABILITY = YES;
				GCC_C_LANGUAGE_STANDARD = gnu11;
				GCC_DYNAMIC_NO_PIC = NO;
				GCC_NO_COMMON_BLOCKS = YES;
				GCC_OPTIMIZATION_LEVEL = 0;
				GCC_PREPROCESSOR_DEFINITIONS = (
					"DEBUG=1",
					"$(inherited)",
				);
				GCC_WARN_64_TO_32_BIT_CONVERSION = YES;
				GCC_WARN_ABOUT_RETURN_TYPE = YES_ERROR;
				GCC_WARN_UNDECLARED_SELECTOR = YES;
				GCC_WARN_UNINITIALIZED_AUTOS = YES_AGGRESSIVE;
				GCC_WARN_UNUSED_FUNCTION = YES;
				GCC_WARN_UNUSED_VARIABLE = YES;
				IPHONEOS_DEPLOYMENT_TARGET = 14.5;
				MTL_ENABLE_DEBUG_INFO = INCLUDE_SOURCE;
				MTL_FAST_MATH = YES;
				ONLY_ACTIVE_ARCH = YES;
				SDKROOT = iphoneos;
				SWIFT_ACTIVE_COMPILATION_CONDITIONS = DEBUG;
				SWIFT_OPTIMIZATION_LEVEL = "-Onone";
			};
			name = Debug;
		};
		AB32C742270E6441005C4DF4 /* Release */ = {
			isa = XCBuildConfiguration;
			buildSettings = {
				ALWAYS_SEARCH_USER_PATHS = NO;
				CLANG_ANALYZER_NONNULL = YES;
				CLANG_ANALYZER_NUMBER_OBJECT_CONVERSION = YES_AGGRESSIVE;
				CLANG_CXX_LANGUAGE_STANDARD = "gnu++14";
				CLANG_CXX_LIBRARY = "libc++";
				CLANG_ENABLE_MODULES = YES;
				CLANG_ENABLE_OBJC_ARC = YES;
				CLANG_ENABLE_OBJC_WEAK = YES;
				CLANG_WARN_BLOCK_CAPTURE_AUTORELEASING = YES;
				CLANG_WARN_BOOL_CONVERSION = YES;
				CLANG_WARN_COMMA = YES;
				CLANG_WARN_CONSTANT_CONVERSION = YES;
				CLANG_WARN_DEPRECATED_OBJC_IMPLEMENTATIONS = YES;
				CLANG_WARN_DIRECT_OBJC_ISA_USAGE = YES_ERROR;
				CLANG_WARN_DOCUMENTATION_COMMENTS = YES;
				CLANG_WARN_EMPTY_BODY = YES;
				CLANG_WARN_ENUM_CONVERSION = YES;
				CLANG_WARN_INFINITE_RECURSION = YES;
				CLANG_WARN_INT_CONVERSION = YES;
				CLANG_WARN_NON_LITERAL_NULL_CONVERSION = YES;
				CLANG_WARN_OBJC_IMPLICIT_RETAIN_SELF = YES;
				CLANG_WARN_OBJC_LITERAL_CONVERSION = YES;
				CLANG_WARN_OBJC_ROOT_CLASS = YES_ERROR;
				CLANG_WARN_QUOTED_INCLUDE_IN_FRAMEWORK_HEADER = YES;
				CLANG_WARN_RANGE_LOOP_ANALYSIS = YES;
				CLANG_WARN_STRICT_PROTOTYPES = YES;
				CLANG_WARN_SUSPICIOUS_MOVE = YES;
				CLANG_WARN_UNGUARDED_AVAILABILITY = YES_AGGRESSIVE;
				CLANG_WARN_UNREACHABLE_CODE = YES;
				CLANG_WARN__DUPLICATE_METHOD_MATCH = YES;
				COPY_PHASE_STRIP = NO;
				DEBUG_INFORMATION_FORMAT = "dwarf-with-dsym";
				ENABLE_NS_ASSERTIONS = NO;
				ENABLE_STRICT_OBJC_MSGSEND = YES;
				GCC_C_LANGUAGE_STANDARD = gnu11;
				GCC_NO_COMMON_BLOCKS = YES;
				GCC_WARN_64_TO_32_BIT_CONVERSION = YES;
				GCC_WARN_ABOUT_RETURN_TYPE = YES_ERROR;
				GCC_WARN_UNDECLARED_SELECTOR = YES;
				GCC_WARN_UNINITIALIZED_AUTOS = YES_AGGRESSIVE;
				GCC_WARN_UNUSED_FUNCTION = YES;
				GCC_WARN_UNUSED_VARIABLE = YES;
				IPHONEOS_DEPLOYMENT_TARGET = 14.5;
				MTL_ENABLE_DEBUG_INFO = NO;
				MTL_FAST_MATH = YES;
				SDKROOT = iphoneos;
				SWIFT_COMPILATION_MODE = wholemodule;
				SWIFT_OPTIMIZATION_LEVEL = "-O";
				VALIDATE_PRODUCT = YES;
			};
			name = Release;
		};
		AB32C744270E6441005C4DF4 /* Debug */ = {
			isa = XCBuildConfiguration;
			buildSettings = {
				ASSETCATALOG_COMPILER_APPICON_NAME = AppIcon;
				ASSETCATALOG_COMPILER_GLOBAL_ACCENT_COLOR_NAME = AccentColor;
				CODE_SIGN_STYLE = Automatic;
				DEVELOPMENT_TEAM = 464L4PYVRU;
				INFOPLIST_FILE = InMotionCodeChallenge/Info.plist;
				LD_RUNPATH_SEARCH_PATHS = (
					"$(inherited)",
					"@executable_path/Frameworks",
				);
				PRODUCT_BUNDLE_IDENTIFIER = co.mtd.InMotionCodeChallenge;
				PRODUCT_NAME = "$(TARGET_NAME)";
				SWIFT_VERSION = 5.0;
				TARGETED_DEVICE_FAMILY = "1,2";
			};
			name = Debug;
		};
		AB32C745270E6441005C4DF4 /* Release */ = {
			isa = XCBuildConfiguration;
			buildSettings = {
				ASSETCATALOG_COMPILER_APPICON_NAME = AppIcon;
				ASSETCATALOG_COMPILER_GLOBAL_ACCENT_COLOR_NAME = AccentColor;
				CODE_SIGN_STYLE = Automatic;
				DEVELOPMENT_TEAM = 464L4PYVRU;
				INFOPLIST_FILE = InMotionCodeChallenge/Info.plist;
				LD_RUNPATH_SEARCH_PATHS = (
					"$(inherited)",
					"@executable_path/Frameworks",
				);
				PRODUCT_BUNDLE_IDENTIFIER = co.mtd.InMotionCodeChallenge;
				PRODUCT_NAME = "$(TARGET_NAME)";
				SWIFT_VERSION = 5.0;
				TARGETED_DEVICE_FAMILY = "1,2";
			};
			name = Release;
		};
		AB32C747270E6441005C4DF4 /* Debug */ = {
			isa = XCBuildConfiguration;
			buildSettings = {
				ALWAYS_EMBED_SWIFT_STANDARD_LIBRARIES = YES;
				BUNDLE_LOADER = "$(TEST_HOST)";
				CODE_SIGN_STYLE = Automatic;
				DEVELOPMENT_TEAM = 464L4PYVRU;
				INFOPLIST_FILE = InMotionCodeChallengeTests/Info.plist;
				IPHONEOS_DEPLOYMENT_TARGET = 14.5;
				LD_RUNPATH_SEARCH_PATHS = (
					"$(inherited)",
					"@executable_path/Frameworks",
					"@loader_path/Frameworks",
				);
				PRODUCT_BUNDLE_IDENTIFIER = co.mtd.InMotionCodeChallengeTests;
				PRODUCT_NAME = "$(TARGET_NAME)";
				SWIFT_VERSION = 5.0;
				TARGETED_DEVICE_FAMILY = "1,2";
				TEST_HOST = "$(BUILT_PRODUCTS_DIR)/InMotionCodeChallenge.app/InMotionCodeChallenge";
			};
			name = Debug;
		};
		AB32C748270E6441005C4DF4 /* Release */ = {
			isa = XCBuildConfiguration;
			buildSettings = {
				ALWAYS_EMBED_SWIFT_STANDARD_LIBRARIES = YES;
				BUNDLE_LOADER = "$(TEST_HOST)";
				CODE_SIGN_STYLE = Automatic;
				DEVELOPMENT_TEAM = 464L4PYVRU;
				INFOPLIST_FILE = InMotionCodeChallengeTests/Info.plist;
				IPHONEOS_DEPLOYMENT_TARGET = 14.5;
				LD_RUNPATH_SEARCH_PATHS = (
					"$(inherited)",
					"@executable_path/Frameworks",
					"@loader_path/Frameworks",
				);
				PRODUCT_BUNDLE_IDENTIFIER = co.mtd.InMotionCodeChallengeTests;
				PRODUCT_NAME = "$(TARGET_NAME)";
				SWIFT_VERSION = 5.0;
				TARGETED_DEVICE_FAMILY = "1,2";
				TEST_HOST = "$(BUILT_PRODUCTS_DIR)/InMotionCodeChallenge.app/InMotionCodeChallenge";
			};
			name = Release;
		};
		AB32C74A270E6441005C4DF4 /* Debug */ = {
			isa = XCBuildConfiguration;
			buildSettings = {
				ALWAYS_EMBED_SWIFT_STANDARD_LIBRARIES = YES;
				CODE_SIGN_STYLE = Automatic;
				DEVELOPMENT_TEAM = 464L4PYVRU;
				INFOPLIST_FILE = InMotionCodeChallengeUITests/Info.plist;
				LD_RUNPATH_SEARCH_PATHS = (
					"$(inherited)",
					"@executable_path/Frameworks",
					"@loader_path/Frameworks",
				);
				PRODUCT_BUNDLE_IDENTIFIER = co.mtd.InMotionCodeChallengeUITests;
				PRODUCT_NAME = "$(TARGET_NAME)";
				SWIFT_VERSION = 5.0;
				TARGETED_DEVICE_FAMILY = "1,2";
				TEST_TARGET_NAME = InMotionCodeChallenge;
			};
			name = Debug;
		};
		AB32C74B270E6441005C4DF4 /* Release */ = {
			isa = XCBuildConfiguration;
			buildSettings = {
				ALWAYS_EMBED_SWIFT_STANDARD_LIBRARIES = YES;
				CODE_SIGN_STYLE = Automatic;
				DEVELOPMENT_TEAM = 464L4PYVRU;
				INFOPLIST_FILE = InMotionCodeChallengeUITests/Info.plist;
				LD_RUNPATH_SEARCH_PATHS = (
					"$(inherited)",
					"@executable_path/Frameworks",
					"@loader_path/Frameworks",
				);
				PRODUCT_BUNDLE_IDENTIFIER = co.mtd.InMotionCodeChallengeUITests;
				PRODUCT_NAME = "$(TARGET_NAME)";
				SWIFT_VERSION = 5.0;
				TARGETED_DEVICE_FAMILY = "1,2";
				TEST_TARGET_NAME = InMotionCodeChallenge;
			};
			name = Release;
		};
/* End XCBuildConfiguration section */

/* Begin XCConfigurationList section */
		AB32C711270E6438005C4DF4 /* Build configuration list for PBXProject "InMotionCodeChallenge" */ = {
			isa = XCConfigurationList;
			buildConfigurations = (
				AB32C741270E6441005C4DF4 /* Debug */,
				AB32C742270E6441005C4DF4 /* Release */,
			);
			defaultConfigurationIsVisible = 0;
			defaultConfigurationName = Release;
		};
		AB32C743270E6441005C4DF4 /* Build configuration list for PBXNativeTarget "InMotionCodeChallenge" */ = {
			isa = XCConfigurationList;
			buildConfigurations = (
				AB32C744270E6441005C4DF4 /* Debug */,
				AB32C745270E6441005C4DF4 /* Release */,
			);
			defaultConfigurationIsVisible = 0;
			defaultConfigurationName = Release;
		};
		AB32C746270E6441005C4DF4 /* Build configuration list for PBXNativeTarget "InMotionCodeChallengeTests" */ = {
			isa = XCConfigurationList;
			buildConfigurations = (
				AB32C747270E6441005C4DF4 /* Debug */,
				AB32C748270E6441005C4DF4 /* Release */,
			);
			defaultConfigurationIsVisible = 0;
			defaultConfigurationName = Release;
		};
		AB32C749270E6441005C4DF4 /* Build configuration list for PBXNativeTarget "InMotionCodeChallengeUITests" */ = {
			isa = XCConfigurationList;
			buildConfigurations = (
				AB32C74A270E6441005C4DF4 /* Debug */,
				AB32C74B270E6441005C4DF4 /* Release */,
			);
			defaultConfigurationIsVisible = 0;
			defaultConfigurationName = Release;
		};
/* End XCConfigurationList section */

/* Begin XCVersionGroup section */
		AB32C722270E6438005C4DF4 /* InMotionCodeChallenge.xcdatamodeld */ = {
			isa = XCVersionGroup;
			children = (
				AB32C723270E6438005C4DF4 /* InMotionCodeChallenge.xcdatamodel */,
			);
			currentVersion = AB32C723270E6438005C4DF4 /* InMotionCodeChallenge.xcdatamodel */;
			path = InMotionCodeChallenge.xcdatamodeld;
			sourceTree = "<group>";
			versionGroupType = wrapper.xcdatamodel;
		};
/* End XCVersionGroup section */
	};
	rootObject = AB32C70E270E6438005C4DF4 /* Project object */;
}
